{
	"name": "namespace-sdk-examples",
	"lockfileVersion": 3,
	"requires": true,
	"packages": {
		"": {
			"name": "namespace-sdk-examples",
			"dependencies": {
				"@bufbuild/protobuf": "^1.10.0",
				"@connectrpc/connect": "^1.7.0",
				"@connectrpc/connect-node": "^1.7.0",
				"@namespacelabs/sdk": "^0.3.0",
				"jsonwebtoken": "^9.0.2"
			},
			"devDependencies": {
				"@types/jsonwebtoken": "^9.0.4",
				"tsx": "^4.20.6"
			}
		},
		"node_modules/@bufbuild/protobuf": {
			"version": "1.10.1",
			"license": "(Apache-2.0 AND BSD-3-Clause)"
		},
		"node_modules/@connectrpc/connect": {
			"version": "1.7.0",
			"license": "Apache-2.0",
			"peerDependencies": {
				"@bufbuild/protobuf": "^1.10.0"
			}
		},
		"node_modules/@connectrpc/connect-node": {
			"version": "1.7.0",
			"license": "Apache-2.0",
			"dependencies": {
				"undici": "^5.28.4"
			},
			"engines": {
				"node": ">=16.0.0"
			},
			"peerDependencies": {
				"@bufbuild/protobuf": "^1.10.0",
				"@connectrpc/connect": "1.7.0"
			}
		},
		"node_modules/@esbuild/linux-x64": {
			"version": "0.25.11",
			"cpu": [
				"x64"
			],
			"dev": true,
			"license": "MIT",
			"optional": true,
			"os": [
				"linux"
			],
			"engines": {
				"node": ">=18"
			}
		},
		"node_modules/@fastify/busboy": {
			"version": "2.1.1",
			"license": "MIT",
			"engines": {
				"node": ">=14"
			}
		},
		"node_modules/@namespacelabs/sdk": {
			"version": "0.3.0",
			"resolved": "https://registry.npmjs.org/@namespacelabs/sdk/-/sdk-0.3.0.tgz",
			"integrity": "sha512-NCo7ZC6iGwDY9ujYLlOp7RG1WbLMgYqoWyqNXGJvBHuXNtfZ5tDR66RWCpVFnYriit6lkjdgSf5UMgbMMNVQ/w==",
			"license": "Apache-2.0",
			"peerDependencies": {
				"@bufbuild/protobuf": "^1.10.0",
				"@connectrpc/connect": "^1.0.0",
				"@connectrpc/connect-node": "^1.0.0"
			}
		},
		"node_modules/@types/jsonwebtoken": {
			"version": "9.0.4",
			"dev": true,
			"license": "MIT",
			"dependencies": {
				"@types/node": "*"
			}
		},
		"node_modules/@types/node": {
			"version": "20.4.2",
			"dev": true,
			"license": "MIT"
		},
		"node_modules/buffer-equal-constant-time": {
			"version": "1.0.1",
			"license": "BSD-3-Clause"
		},
		"node_modules/ecdsa-sig-formatter": {
			"version": "1.0.11",
			"license": "Apache-2.0",
			"dependencies": {
				"safe-buffer": "^5.0.1"
			}
		},
		"node_modules/esbuild": {
			"version": "0.25.11",
			"dev": true,
			"hasInstallScript": true,
			"license": "MIT",
			"bin": {
				"esbuild": "bin/esbuild"
			},
			"engines": {
				"node": ">=18"
			},
			"optionalDependencies": {
				"@esbuild/aix-ppc64": "0.25.11",
				"@esbuild/android-arm": "0.25.11",
				"@esbuild/android-arm64": "0.25.11",
				"@esbuild/android-x64": "0.25.11",
				"@esbuild/darwin-arm64": "0.25.11",
				"@esbuild/darwin-x64": "0.25.11",
				"@esbuild/freebsd-arm64": "0.25.11",
				"@esbuild/freebsd-x64": "0.25.11",
				"@esbuild/linux-arm": "0.25.11",
				"@esbuild/linux-arm64": "0.25.11",
				"@esbuild/linux-ia32": "0.25.11",
				"@esbuild/linux-loong64": "0.25.11",
				"@esbuild/linux-mips64el": "0.25.11",
				"@esbuild/linux-ppc64": "0.25.11",
				"@esbuild/linux-riscv64": "0.25.11",
				"@esbuild/linux-s390x": "0.25.11",
				"@esbuild/linux-x64": "0.25.11",
				"@esbuild/netbsd-arm64": "0.25.11",
				"@esbuild/netbsd-x64": "0.25.11",
				"@esbuild/openbsd-arm64": "0.25.11",
				"@esbuild/openbsd-x64": "0.25.11",
				"@esbuild/openharmony-arm64": "0.25.11",
				"@esbuild/sunos-x64": "0.25.11",
				"@esbuild/win32-arm64": "0.25.11",
				"@esbuild/win32-ia32": "0.25.11",
				"@esbuild/win32-x64": "0.25.11"
			}
		},
		"node_modules/get-tsconfig": {
			"version": "4.12.0",
			"dev": true,
			"license": "MIT",
			"dependencies": {
				"resolve-pkg-maps": "^1.0.0"
			},
			"funding": {
				"url": "https://github.com/privatenumber/get-tsconfig?sponsor=1"
			}
		},
		"node_modules/jsonwebtoken": {
			"version": "9.0.2",
			"license": "MIT",
			"dependencies": {
				"jws": "^3.2.2",
				"lodash.includes": "^4.3.0",
				"lodash.isboolean": "^3.0.3",
				"lodash.isinteger": "^4.0.4",
				"lodash.isnumber": "^3.0.3",
				"lodash.isplainobject": "^4.0.6",
				"lodash.isstring": "^4.0.1",
				"lodash.once": "^4.0.0",
				"ms": "^2.1.1",
				"semver": "^7.5.4"
			},
			"engines": {
				"node": ">=12",
				"npm": ">=6"
			}
		},
		"node_modules/jwa": {
			"version": "1.4.1",
			"license": "MIT",
			"dependencies": {
				"buffer-equal-constant-time": "1.0.1",
				"ecdsa-sig-formatter": "1.0.11",
				"safe-buffer": "^5.0.1"
			}
		},
		"node_modules/jws": {
			"version": "3.2.2",
			"license": "MIT",
			"dependencies": {
				"jwa": "^1.4.1",
				"safe-buffer": "^5.0.1"
			}
		},
		"node_modules/lodash.includes": {
			"version": "4.3.0",
			"license": "MIT"
		},
		"node_modules/lodash.isboolean": {
			"version": "3.0.3",
			"license": "MIT"
		},
		"node_modules/lodash.isinteger": {
			"version": "4.0.4",
			"license": "MIT"
		},
		"node_modules/lodash.isnumber": {
			"version": "3.0.3",
			"license": "MIT"
		},
		"node_modules/lodash.isplainobject": {
			"version": "4.0.6",
			"license": "MIT"
		},
		"node_modules/lodash.isstring": {
			"version": "4.0.1",
			"license": "MIT"
		},
		"node_modules/lodash.once": {
			"version": "4.1.1",
			"license": "MIT"
		},
		"node_modules/lru-cache": {
			"version": "6.0.0",
			"license": "ISC",
			"dependencies": {
				"yallist": "^4.0.0"
			},
			"engines": {
				"node": ">=10"
			}
		},
		"node_modules/ms": {
			"version": "2.1.3",
			"license": "MIT"
		},
		"node_modules/resolve-pkg-maps": {
			"version": "1.0.0",
			"dev": true,
			"license": "MIT",
			"funding": {
				"url": "https://github.com/privatenumber/resolve-pkg-maps?sponsor=1"
			}
		},
		"node_modules/safe-buffer": {
			"version": "5.2.1",
			"funding": [
				{
					"type": "github",
					"url": "https://github.com/sponsors/feross"
				},
				{
					"type": "patreon",
					"url": "https://www.patreon.com/feross"
				},
				{
					"type": "consulting",
					"url": "https://feross.org/support"
				}
			],
			"license": "MIT"
		},
		"node_modules/semver": {
			"version": "7.5.4",
			"license": "ISC",
			"dependencies": {
				"lru-cache": "^6.0.0"
			},
			"bin": {
				"semver": "bin/semver.js"
			},
			"engines": {
				"node": ">=10"
			}
		},
		"node_modules/tsx": {
			"version": "4.20.6",
			"dev": true,
			"license": "MIT",
			"dependencies": {
				"esbuild": "~0.25.0",
				"get-tsconfig": "^4.7.5"
			},
			"bin": {
				"tsx": "dist/cli.mjs"
			},
			"engines": {
				"node": ">=18.0.0"
			},
			"optionalDependencies": {
				"fsevents": "~2.3.3"
			}
		},
		"node_modules/undici": {
			"version": "5.29.0",
			"license": "MIT",
			"dependencies": {
				"@fastify/busboy": "^2.0.0"
			},
			"engines": {
				"node": ">=14.0"
			}
		},
		"node_modules/yallist": {
			"version": "4.0.0",
			"license": "ISC"
		}
	}
}
